// !$*UTF8*$!
{
	archiveVersion = 1;
	classes = {
	};
	objectVersion = 56;
	objects = {

/* Begin PBXBuildFile section */
		EAB86AB72B38CFE700614FF5 /* SnowyThreadsApp.swift in Sources */ = {isa = PBXBuildFile; fileRef = EAB86AB62B38CFE700614FF5 /* SnowyThreadsApp.swift */; };
		EAB86AB92B38CFE700614FF5 /* ContentView.swift in Sources */ = {isa = PBXBuildFile; fileRef = EAB86AB82B38CFE700614FF5 /* ContentView.swift */; };
		EAB86ABB2B38CFEA00614FF5 /* Assets.xcassets in Resources */ = {isa = PBXBuildFile; fileRef = EAB86ABA2B38CFEA00614FF5 /* Assets.xcassets */; };
		EAB86ABE2B38CFEA00614FF5 /* Preview Assets.xcassets in Resources */ = {isa = PBXBuildFile; fileRef = EAB86ABD2B38CFEA00614FF5 /* Preview Assets.xcassets */; };
		EAB86ACF2B38D4CE00614FF5 /* MotionManager.swift in Sources */ = {isa = PBXBuildFile; fileRef = EAB86ACE2B38D4CE00614FF5 /* MotionManager.swift */; };
		EAB86ADF2B38F3C600614FF5 /* Snow.sks in Resources */ = {isa = PBXBuildFile; fileRef = EAB86ADE2B38F3C600614FF5 /* Snow.sks */; };
		EAB86AE12B38F43200614FF5 /* SnowScene.swift in Sources */ = {isa = PBXBuildFile; fileRef = EAB86AE02B38F43200614FF5 /* SnowScene.swift */; };
/* End PBXBuildFile section */

/* Begin PBXFileReference section */
		EAB86AB32B38CFE700614FF5 /* SnowyThreads.app */ = {isa = PBXFileReference; explicitFileType = wrapper.application; includeInIndex = 0; path = SnowyThreads.app; sourceTree = BUILT_PRODUCTS_DIR; };
		EAB86AB62B38CFE700614FF5 /* SnowyThreadsApp.swift */ = {isa = PBXFileReference; lastKnownFileType = sourcecode.swift; path = SnowyThreadsApp.swift; sourceTree = "<group>"; };
		EAB86AB82B38CFE700614FF5 /* ContentView.swift */ = {isa = PBXFileReference; lastKnownFileType = sourcecode.swift; path = ContentView.swift; sourceTree = "<group>"; };
		EAB86ABA2B38CFEA00614FF5 /* Assets.xcassets */ = {isa = PBXFileReference; lastKnownFileType = folder.assetcatalog; path = Assets.xcassets; sourceTree = "<group>"; };
		EAB86ABD2B38CFEA00614FF5 /* Preview Assets.xcassets */ = {isa = PBXFileReference; lastKnownFileType = folder.assetcatalog; path = "Preview Assets.xcassets"; sourceTree = "<group>"; };
		EAB86ACE2B38D4CE00614FF5 /* MotionManager.swift */ = {isa = PBXFileReference; lastKnownFileType = sourcecode.swift; path = MotionManager.swift; sourceTree = "<group>"; };
		EAB86ADE2B38F3C600614FF5 /* Snow.sks */ = {isa = PBXFileReference; lastKnownFileType = file.sks; path = Snow.sks; sourceTree = "<group>"; };
		EAB86AE02B38F43200614FF5 /* SnowScene.swift */ = {isa = PBXFileReference; lastKnownFileType = sourcecode.swift; path = SnowScene.swift; sourceTree = "<group>"; };
/* End PBXFileReference section */

/* Begin PBXFrameworksBuildPhase section */
		EAB86AB02B38CFE700614FF5 /* Frameworks */ = {
			isa = PBXFrameworksBuildPhase;
			buildActionMask = 2147483647;
			files = (
			);
			runOnlyForDeploymentPostprocessing = 0;
		};
/* End PBXFrameworksBuildPhase section */

/* Begin PBXGroup section */
		EAB86AAA2B38CFE700614FF5 = {
			isa = PBXGroup;
			children = (
				EAB86AB52B38CFE700614FF5 /* SnowyThreads */,
				EAB86AB42B38CFE700614FF5 /* Products */,
			);
			sourceTree = "<group>";
		};
		EAB86AB42B38CFE700614FF5 /* Products */ = {
			isa = PBXGroup;
			children = (
				EAB86AB32B38CFE700614FF5 /* SnowyThreads.app */,
			);
			name = Products;
			sourceTree = "<group>";
		};
		EAB86AB52B38CFE700614FF5 /* SnowyThreads */ = {
			isa = PBXGroup;
			children = (
				EAB86AB62B38CFE700614FF5 /* SnowyThreadsApp.swift */,
				EAB86AB82B38CFE700614FF5 /* ContentView.swift */,
				EAB86ACE2B38D4CE00614FF5 /* MotionManager.swift */,
				EAB86AE02B38F43200614FF5 /* SnowScene.swift */,
				EAB86ADE2B38F3C600614FF5 /* Snow.sks */,
				EAB86ABA2B38CFEA00614FF5 /* Assets.xcassets */,
				EAB86ABC2B38CFEA00614FF5 /* Preview Content */,
			);
			path = SnowyThreads;
			sourceTree = "<group>";
		};
		EAB86ABC2B38CFEA00614FF5 /* Preview Content */ = {
			isa = PBXGroup;
			children = (
				EAB86ABD2B38CFEA00614FF5 /* Preview Assets.xcassets */,
			);
			path = "Preview Content";
			sourceTree = "<group>";
		};
/* End PBXGroup section */

/* Begin PBXNativeTarget section */
		EAB86AB22B38CFE700614FF5 /* SnowyThreads */ = {
			isa = PBXNativeTarget;
			buildConfigurationList = EAB86AC12B38CFEA00614FF5 /* Build configuration list for PBXNativeTarget "SnowyThreads" */;
			buildPhases = (
				EAB86AAF2B38CFE700614FF5 /* Sources */,
				EAB86AB02B38CFE700614FF5 /* Frameworks */,
				EAB86AB12B38CFE700614FF5 /* Resources */,
			);
			buildRules = (
			);
			dependencies = (
			);
			name = SnowyThreads;
			productName = SnowyThreads;
			productReference = EAB86AB32B38CFE700614FF5 /* SnowyThreads.app */;
			productType = "com.apple.product-type.application";
		};
/* End PBXNativeTarget section */

/* Begin PBXProject section */
		EAB86AAB2B38CFE700614FF5 /* Project object */ = {
			isa = PBXProject;
			attributes = {
				BuildIndependentTargetsInParallel = 1;
				LastSwiftUpdateCheck = 1510;
				LastUpgradeCheck = 1510;
				TargetAttributes = {
					EAB86AB22B38CFE700614FF5 = {
						CreatedOnToolsVersion = 15.1;
					};
				};
			};
			buildConfigurationList = EAB86AAE2B38CFE700614FF5 /* Build configuration list for PBXProject "SnowyThreads" */;
			compatibilityVersion = "Xcode 14.0";
			developmentRegion = en;
			hasScannedForEncodings = 0;
			knownRegions = (
				en,
				Base,
			);
			mainGroup = EAB86AAA2B38CFE700614FF5;
			productRefGroup = EAB86AB42B38CFE700614FF5 /* Products */;
			projectDirPath = "";
			projectRoot = "";
			targets = (
				EAB86AB22B38CFE700614FF5 /* SnowyThreads */,
			);
		};
/* End PBXProject section */

/* Begin PBXResourcesBuildPhase section */
		EAB86AB12B38CFE700614FF5 /* Resources */ = {
			isa = PBXResourcesBuildPhase;
			buildActionMask = 2147483647;
			files = (
				EAB86ADF2B38F3C600614FF5 /* Snow.sks in Resources */,
				EAB86ABE2B38CFEA00614FF5 /* Preview Assets.xcassets in Resources */,
				EAB86ABB2B38CFEA00614FF5 /* Assets.xcassets in Resources */,
			);
			runOnlyForDeploymentPostprocessing = 0;
		};
/* End PBXResourcesBuildPhase section */

/* Begin PBXSourcesBuildPhase section */
		EAB86AAF2B38CFE700614FF5 /* Sources */ = {
			isa = PBXSourcesBuildPhase;
			buildActionMask = 2147483647;
			files = (
				EAB86AB92B38CFE700614FF5 /* ContentView.swift in Sources */,
				EAB86ACF2B38D4CE00614FF5 /* MotionManager.swift in Sources */,
				EAB86AB72B38CFE700614FF5 /* SnowyThreadsApp.swift in Sources */,
				EAB86AE12B38F43200614FF5 /* SnowScene.swift in Sources */,
			);
			runOnlyForDeploymentPostprocessing = 0;
		};
/* End PBXSourcesBuildPhase section */

/* Begin XCBuildConfiguration section */
		EAB86ABF2B38CFEA00614FF5 /* Debug */ = {
			isa = XCBuildConfiguration;
			buildSettings = {
				ALWAYS_SEARCH_USER_PATHS = NO;
				ASSETCATALOG_COMPILER_GENERATE_SWIFT_ASSET_SYMBOL_EXTENSIONS = YES;
				CLANG_ANALYZER_NONNULL = YES;
				CLANG_ANALYZER_NUMBER_OBJECT_CONVERSION = YES_AGGRESSIVE;
				CLANG_CXX_LANGUAGE_STANDARD = "gnu++20";
				CLANG_ENABLE_MODULES = YES;
				CLANG_ENABLE_OBJC_ARC = YES;
				CLANG_ENABLE_OBJC_WEAK = YES;
				CLANG_WARN_BLOCK_CAPTURE_AUTORELEASING = YES;
				CLANG_WARN_BOOL_CONVERSION = YES;
				CLANG_WARN_COMMA = YES;
				CLANG_WARN_CONSTANT_CONVERSION = YES;
				CLANG_WARN_DEPRECATED_OBJC_IMPLEMENTATIONS = YES;
				CLANG_WARN_DIRECT_OBJC_ISA_USAGE = YES_ERROR;
				CLANG_WARN_DOCUMENTATION_COMMENTS = YES;
				CLANG_WARN_EMPTY_BODY = YES;
				CLANG_WARN_ENUM_CONVERSION = YES;
				CLANG_WARN_INFINITE_RECURSION = YES;
				CLANG_WARN_INT_CONVERSION = YES;
				CLANG_WARN_NON_LITERAL_NULL_CONVERSION = YES;
				CLANG_WARN_OBJC_IMPLICIT_RETAIN_SELF = YES;
				CLANG_WARN_OBJC_LITERAL_CONVERSION = YES;
				CLANG_WARN_OBJC_ROOT_CLASS = YES_ERROR;
				CLANG_WARN_QUOTED_INCLUDE_IN_FRAMEWORK_HEADER = YES;
				CLANG_WARN_RANGE_LOOP_ANALYSIS = YES;
				CLANG_WARN_STRICT_PROTOTYPES = YES;
				CLANG_WARN_SUSPICIOUS_MOVE = YES;
				CLANG_WARN_UNGUARDED_AVAILABILITY = YES_AGGRESSIVE;
				CLANG_WARN_UNREACHABLE_CODE = YES;
				CLANG_WARN__DUPLICATE_METHOD_MATCH = YES;
				COPY_PHASE_STRIP = NO;
				DEBUG_INFORMATION_FORMAT = dwarf;
				ENABLE_STRICT_OBJC_MSGSEND = YES;
				ENABLE_TESTABILITY = YES;
				ENABLE_USER_SCRIPT_SANDBOXING = YES;
				GCC_C_LANGUAGE_STANDARD = gnu17;
				GCC_DYNAMIC_NO_PIC = NO;
				GCC_NO_COMMON_BLOCKS = YES;
				GCC_OPTIMIZATION_LEVEL = 0;
				GCC_PREPROCESSOR_DEFINITIONS = (
					"DEBUG=1",
					"$(inherited)",
				);
				GCC_WARN_64_TO_32_BIT_CONVERSION = YES;
				GCC_WARN_ABOUT_RETURN_TYPE = YES_ERROR;
				GCC_WARN_UNDECLARED_SELECTOR = YES;
				GCC_WARN_UNINITIALIZED_AUTOS = YES_AGGRESSIVE;
				GCC_WARN_UNUSED_FUNCTION = YES;
				GCC_WARN_UNUSED_VARIABLE = YES;
				IPHONEOS_DEPLOYMENT_TARGET = 17.2;
				LOCALIZATION_PREFERS_STRING_CATALOGS = YES;
				MTL_ENABLE_DEBUG_INFO = INCLUDE_SOURCE;
				MTL_FAST_MATH = YES;
				ONLY_ACTIVE_ARCH = YES;
				SDKROOT = iphoneos;
				SWIFT_ACTIVE_COMPILATION_CONDITIONS = "DEBUG $(inherited)";
				SWIFT_OPTIMIZATION_LEVEL = "-Onone";
			};
			name = Debug;
		};
		EAB86AC02B38CFEA00614FF5 /* Release */ = {
			isa = XCBuildConfiguration;
			buildSettings = {
				ALWAYS_SEARCH_USER_PATHS = NO;
				ASSETCATALOG_COMPILER_GENERATE_SWIFT_ASSET_SYMBOL_EXTENSIONS = YES;
				CLANG_ANALYZER_NONNULL = YES;
				CLANG_ANALYZER_NUMBER_OBJECT_CONVERSION = YES_AGGRESSIVE;
				CLANG_CXX_LANGUAGE_STANDARD = "gnu++20";
				CLANG_ENABLE_MODULES = YES;
				CLANG_ENABLE_OBJC_ARC = YES;
				CLANG_ENABLE_OBJC_WEAK = YES;
				CLANG_WARN_BLOCK_CAPTURE_AUTORELEASING = YES;
				CLANG_WARN_BOOL_CONVERSION = YES;
				CLANG_WARN_COMMA = YES;
				CLANG_WARN_CONSTANT_CONVERSION = YES;
				CLANG_WARN_DEPRECATED_OBJC_IMPLEMENTATIONS = YES;
				CLANG_WARN_DIRECT_OBJC_ISA_USAGE = YES_ERROR;
				CLANG_WARN_DOCUMENTATION_COMMENTS = YES;
				CLANG_WARN_EMPTY_BODY = YES;
				CLANG_WARN_ENUM_CONVERSION = YES;
				CLANG_WARN_INFINITE_RECURSION = YES;
				CLANG_WARN_INT_CONVERSION = YES;
				CLANG_WARN_NON_LITERAL_NULL_CONVERSION = YES;
				CLANG_WARN_OBJC_IMPLICIT_RETAIN_SELF = YES;
				CLANG_WARN_OBJC_LITERAL_CONVERSION = YES;
				CLANG_WARN_OBJC_ROOT_CLASS = YES_ERROR;
				CLANG_WARN_QUOTED_INCLUDE_IN_FRAMEWORK_HEADER = YES;
				CLANG_WARN_RANGE_LOOP_ANALYSIS = YES;
				CLANG_WARN_STRICT_PROTOTYPES = YES;
				CLANG_WARN_SUSPICIOUS_MOVE = YES;
				CLANG_WARN_UNGUARDED_AVAILABILITY = YES_AGGRESSIVE;
				CLANG_WARN_UNREACHABLE_CODE = YES;
				CLANG_WARN__DUPLICATE_METHOD_MATCH = YES;
				COPY_PHASE_STRIP = NO;
				DEBUG_INFORMATION_FORMAT = "dwarf-with-dsym";
				ENABLE_NS_ASSERTIONS = NO;
				ENABLE_STRICT_OBJC_MSGSEND = YES;
				ENABLE_USER_SCRIPT_SANDBOXING = YES;
				GCC_C_LANGUAGE_STANDARD = gnu17;
				GCC_NO_COMMON_BLOCKS = YES;
				GCC_WARN_64_TO_32_BIT_CONVERSION = YES;
				GCC_WARN_ABOUT_RETURN_TYPE = YES_ERROR;
				GCC_WARN_UNDECLARED_SELECTOR = YES;
				GCC_WARN_UNINITIALIZED_AUTOS = YES_AGGRESSIVE;
				GCC_WARN_UNUSED_FUNCTION = YES;
				GCC_WARN_UNUSED_VARIABLE = YES;
				IPHONEOS_DEPLOYMENT_TARGET = 17.2;
				LOCALIZATION_PREFERS_STRING_CATALOGS = YES;
				MTL_ENABLE_DEBUG_INFO = NO;
				MTL_FAST_MATH = YES;
				SDKROOT = iphoneos;
				SWIFT_COMPILATION_MODE = wholemodule;
				VALIDATE_PRODUCT = YES;
			};
			name = Release;
		};
		EAB86AC22B38CFEA00614FF5 /* Debug */ = {
			isa = XCBuildConfiguration;
			buildSettings = {
				ASSETCATALOG_COMPILER_APPICON_NAME = AppIcon;
				ASSETCATALOG_COMPILER_GLOBAL_ACCENT_COLOR_NAME = AccentColor;
				CODE_SIGN_STYLE = Automatic;
				CURRENT_PROJECT_VERSION = 1;
				DEVELOPMENT_ASSET_PATHS = "\"SnowyThreads/Preview Content\"";
				DEVELOPMENT_TEAM = 67BLBCQE27;
				ENABLE_PREVIEWS = YES;
				GENERATE_INFOPLIST_FILE = YES;
				INFOPLIST_KEY_UIApplicationSceneManifest_Generation = YES;
				INFOPLIST_KEY_UIApplicationSupportsIndirectInputEvents = YES;
				INFOPLIST_KEY_UILaunchScreen_Generation = YES;
				INFOPLIST_KEY_UISupportedInterfaceOrientations = UIInterfaceOrientationPortrait;
				LD_RUNPATH_SEARCH_PATHS = (
					"$(inherited)",
					"@executable_path/Frameworks",
				);
				MARKETING_VERSION = 1.0;
				PRODUCT_BUNDLE_IDENTIFIER = com.alexpersian.SnowyThreads;
				PRODUCT_NAME = "$(TARGET_NAME)";
				SWIFT_EMIT_LOC_STRINGS = YES;
				SWIFT_VERSION = 5.0;
				TARGETED_DEVICE_FAMILY = "1,2";
			};
			name = Debug;
		};
		EAB86AC32B38CFEA00614FF5 /* Release */ = {
			isa = XCBuildConfiguration;
			buildSettings = {
				ASSETCATALOG_COMPILER_APPICON_NAME = AppIcon;
				ASSETCATALOG_COMPILER_GLOBAL_ACCENT_COLOR_NAME = AccentColor;
				CODE_SIGN_STYLE = Automatic;
				CURRENT_PROJECT_VERSION = 1;
				DEVELOPMENT_ASSET_PATHS = "\"SnowyThreads/Preview Content\"";
				DEVELOPMENT_TEAM = 67BLBCQE27;
				ENABLE_PREVIEWS = YES;
				GENERATE_INFOPLIST_FILE = YES;
				INFOPLIST_KEY_UIApplicationSceneManifest_Generation = YES;
				INFOPLIST_KEY_UIApplicationSupportsIndirectInputEvents = YES;
				INFOPLIST_KEY_UILaunchScreen_Generation = YES;
				INFOPLIST_KEY_UISupportedInterfaceOrientations = UIInterfaceOrientationPortrait;
				LD_RUNPATH_SEARCH_PATHS = (
					"$(inherited)",
					"@executable_path/Frameworks",
				);
				MARKETING_VERSION = 1.0;
				PRODUCT_BUNDLE_IDENTIFIER = com.alexpersian.SnowyThreads;
				PRODUCT_NAME = "$(TARGET_NAME)";
				SWIFT_EMIT_LOC_STRINGS = YES;
				SWIFT_VERSION = 5.0;
				TARGETED_DEVICE_FAMILY = "1,2";
			};
			name = Release;
		};
/* End XCBuildConfiguration section */

/* Begin XCConfigurationList section */
		EAB86AAE2B38CFE700614FF5 /* Build configuration list for PBXProject "SnowyThreads" */ = {
			isa = XCConfigurationList;
			buildConfigurations = (
				EAB86ABF2B38CFEA00614FF5 /* Debug */,
				EAB86AC02B38CFEA00614FF5 /* Release */,
			);
			defaultConfigurationIsVisible = 0;
			defaultConfigurationName = Release;
		};
		EAB86AC12B38CFEA00614FF5 /* Build configuration list for PBXNativeTarget "SnowyThreads" */ = {
			isa = XCConfigurationList;
			buildConfigurations = (
				EAB86AC22B38CFEA00614FF5 /* Debug */,
				EAB86AC32B38CFEA00614FF5 /* Release */,
			);
			defaultConfigurationIsVisible = 0;
			defaultConfigurationName = Release;
		};
/* End XCConfigurationList section */
	};
	rootObject = EAB86AAB2B38CFE700614FF5 /* Project object */;
}
